
Microsoft Visual Studio Solution File, Format Version 12.00
# Visual Studio 15
VisualStudioVersion = 15.0.28307.645
MinimumVisualStudioVersion = 10.0.40219.1
Project("{FAE04EC0-301F-11D3-BF4B-00C04F79EFBC}") = "EchoBot1", "EchoBot1\EchoBot1.csproj", "{24D3A67C-CB53-42E8-B6FC-19408A3C2ED4}"
EndProject
Global
	GlobalSection(SolutionConfigurationPlatforms) = preSolution
		Debug|Any CPU = Debug|Any CPU
		Release|Any CPU = Release|Any CPU
	EndGlobalSection
	GlobalSection(ProjectConfigurationPlatforms) = postSolution
		{24D3A67C-CB53-42E8-B6FC-19408A3C2ED4}.Debug|Any CPU.ActiveCfg = Debug|Any CPU
		{24D3A67C-CB53-42E8-B6FC-19408A3C2ED4}.Debug|Any CPU.Build.0 = Debug|Any CPU
		{24D3A67C-CB53-42E8-B6FC-19408A3C2ED4}.Release|Any CPU.ActiveCfg = Release|Any CPU
		{24D3A67C-CB53-42E8-B6FC-19408A3C2ED4}.Release|Any CPU.Build.0 = Release|Any CPU
	EndGlobalSection
	GlobalSection(SolutionProperties) = preSolution
		HideSolutionNode = FALSE
	EndGlobalSection
	GlobalSection(ExtensibilityGlobals) = postSolution
		SolutionGuid = {1249EE39-1A4C-4C6C-B1B7-F43422FC0B2E}
	EndGlobalSection
EndGlobal
